
Microsoft Visual Studio Solution File, Format Version 12.00
# Visual Studio Version 17
VisualStudioVersion = 17.0.31903.59
MinimumVisualStudioVersion = 10.0.40219.1
Project("{2150E333-8FDC-42A3-9474-1A3956D46DE8}") = "Gateway", "Gateway", "{E7BDDBC6-9FD1-D1D7-ACD8-2C4F8E3D2461}"
EndProject
Project("{FAE04EC0-301F-11D3-BF4B-00C04F79EFBC}") = "AntiPlagiarism.Gateway", "Gateway\AntiPlagiarism.Gateway\AntiPlagiarism.Gateway.csproj", "{40283C17-B854-4FD0-9F2E-BDDEEDD46588}"
EndProject
Project("{2150E333-8FDC-42A3-9474-1A3956D46DE8}") = "FileStoring", "FileStoring", "{5EBAD3BF-572B-E2B1-D3AE-7773076D517A}"
EndProject
Project("{FAE04EC0-301F-11D3-BF4B-00C04F79EFBC}") = "AntiPlagiarism.FileStoring.Domain", "FileStoring\AntiPlagiarism.FileStoring.Domain\AntiPlagiarism.FileStoring.Domain.csproj", "{16A9F238-80DE-4CDA-8762-CC04B864D9F3}"
EndProject
Project("{FAE04EC0-301F-11D3-BF4B-00C04F79EFBC}") = "AntiPlagiarism.FileStoring.Application", "FileStoring\AntiPlagiarism.FileStoring.Application\AntiPlagiarism.FileStoring.Application.csproj", "{91CCE366-B593-4E5B-BD93-59E97E7959CA}"
EndProject
Project("{FAE04EC0-301F-11D3-BF4B-00C04F79EFBC}") = "AntiPlagiarism.FileStoring.Infrastructure", "FileStoring\AntiPlagiarism.FileStoring.Infrastructure\AntiPlagiarism.FileStoring.Infrastructure.csproj", "{B452B799-A540-4226-AE31-E44AA401DB8D}"
EndProject
Project("{FAE04EC0-301F-11D3-BF4B-00C04F79EFBC}") = "AntiPlagiarism.FileStoring.Api", "FileStoring\AntiPlagiarism.FileStoring.Api\AntiPlagiarism.FileStoring.Api.csproj", "{100BF534-0EBF-4738-A939-3CF8D4B5A308}"
EndProject
Project("{2150E333-8FDC-42A3-9474-1A3956D46DE8}") = "Analysis", "Analysis", "{CBEA8D62-3852-FA3C-D49A-A8497B11A9FF}"
EndProject
Project("{FAE04EC0-301F-11D3-BF4B-00C04F79EFBC}") = "AntiPlagiarism.Analysis.Domain", "Analysis\AntiPlagiarism.Analysis.Domain\AntiPlagiarism.Analysis.Domain.csproj", "{49971481-CAB8-46B5-9D75-17C9B2A8ADDA}"
EndProject
Project("{FAE04EC0-301F-11D3-BF4B-00C04F79EFBC}") = "AntiPlagiarism.Analysis.Application", "Analysis\AntiPlagiarism.Analysis.Application\AntiPlagiarism.Analysis.Application.csproj", "{D5A991D8-CB85-41C9-AF61-667A95A30CEF}"
EndProject
Project("{FAE04EC0-301F-11D3-BF4B-00C04F79EFBC}") = "AntiPlagiarism.Analysis.Infrastructure", "Analysis\AntiPlagiarism.Analysis.Infrastructure\AntiPlagiarism.Analysis.Infrastructure.csproj", "{B42BB4F6-48C4-44FC-932E-AD41F15D9EE1}"
EndProject
Project("{FAE04EC0-301F-11D3-BF4B-00C04F79EFBC}") = "AntiPlagiarism.Analysis.Api", "Analysis\AntiPlagiarism.Analysis.Api\AntiPlagiarism.Analysis.Api.csproj", "{0FE1F58F-0C8B-4D63-9CBC-D726E11C6795}"
EndProject
Global
	GlobalSection(SolutionConfigurationPlatforms) = preSolution
		Debug|Any CPU = Debug|Any CPU
		Debug|x64 = Debug|x64
		Debug|x86 = Debug|x86
		Release|Any CPU = Release|Any CPU
		Release|x64 = Release|x64
		Release|x86 = Release|x86
	EndGlobalSection
	GlobalSection(ProjectConfigurationPlatforms) = postSolution
		{40283C17-B854-4FD0-9F2E-BDDEEDD46588}.Debug|Any CPU.ActiveCfg = Debug|Any CPU
		{40283C17-B854-4FD0-9F2E-BDDEEDD46588}.Debug|Any CPU.Build.0 = Debug|Any CPU
		{40283C17-B854-4FD0-9F2E-BDDEEDD46588}.Debug|x64.ActiveCfg = Debug|Any CPU
		{40283C17-B854-4FD0-9F2E-BDDEEDD46588}.Debug|x64.Build.0 = Debug|Any CPU
		{40283C17-B854-4FD0-9F2E-BDDEEDD46588}.Debug|x86.ActiveCfg = Debug|Any CPU
		{40283C17-B854-4FD0-9F2E-BDDEEDD46588}.Debug|x86.Build.0 = Debug|Any CPU
		{40283C17-B854-4FD0-9F2E-BDDEEDD46588}.Release|Any CPU.ActiveCfg = Release|Any CPU
		{40283C17-B854-4FD0-9F2E-BDDEEDD46588}.Release|Any CPU.Build.0 = Release|Any CPU
		{40283C17-B854-4FD0-9F2E-BDDEEDD46588}.Release|x64.ActiveCfg = Release|Any CPU
		{40283C17-B854-4FD0-9F2E-BDDEEDD46588}.Release|x64.Build.0 = Release|Any CPU
		{40283C17-B854-4FD0-9F2E-BDDEEDD46588}.Release|x86.ActiveCfg = Release|Any CPU
		{40283C17-B854-4FD0-9F2E-BDDEEDD46588}.Release|x86.Build.0 = Release|Any CPU
		{16A9F238-80DE-4CDA-8762-CC04B864D9F3}.Debug|Any CPU.ActiveCfg = Debug|Any CPU
		{16A9F238-80DE-4CDA-8762-CC04B864D9F3}.Debug|Any CPU.Build.0 = Debug|Any CPU
		{16A9F238-80DE-4CDA-8762-CC04B864D9F3}.Debug|x64.ActiveCfg = Debug|Any CPU
		{16A9F238-80DE-4CDA-8762-CC04B864D9F3}.Debug|x64.Build.0 = Debug|Any CPU
		{16A9F238-80DE-4CDA-8762-CC04B864D9F3}.Debug|x86.ActiveCfg = Debug|Any CPU
		{16A9F238-80DE-4CDA-8762-CC04B864D9F3}.Debug|x86.Build.0 = Debug|Any CPU
		{16A9F238-80DE-4CDA-8762-CC04B864D9F3}.Release|Any CPU.ActiveCfg = Release|Any CPU
		{16A9F238-80DE-4CDA-8762-CC04B864D9F3}.Release|Any CPU.Build.0 = Release|Any CPU
		{16A9F238-80DE-4CDA-8762-CC04B864D9F3}.Release|x64.ActiveCfg = Release|Any CPU
		{16A9F238-80DE-4CDA-8762-CC04B864D9F3}.Release|x64.Build.0 = Release|Any CPU
		{16A9F238-80DE-4CDA-8762-CC04B864D9F3}.Release|x86.ActiveCfg = Release|Any CPU
		{16A9F238-80DE-4CDA-8762-CC04B864D9F3}.Release|x86.Build.0 = Release|Any CPU
		{91CCE366-B593-4E5B-BD93-59E97E7959CA}.Debug|Any CPU.ActiveCfg = Debug|Any CPU
		{91CCE366-B593-4E5B-BD93-59E97E7959CA}.Debug|Any CPU.Build.0 = Debug|Any CPU
		{91CCE366-B593-4E5B-BD93-59E97E7959CA}.Debug|x64.ActiveCfg = Debug|Any CPU
		{91CCE366-B593-4E5B-BD93-59E97E7959CA}.Debug|x64.Build.0 = Debug|Any CPU
		{91CCE366-B593-4E5B-BD93-59E97E7959CA}.Debug|x86.ActiveCfg = Debug|Any CPU
		{91CCE366-B593-4E5B-BD93-59E97E7959CA}.Debug|x86.Build.0 = Debug|Any CPU
		{91CCE366-B593-4E5B-BD93-59E97E7959CA}.Release|Any CPU.ActiveCfg = Release|Any CPU
		{91CCE366-B593-4E5B-BD93-59E97E7959CA}.Release|Any CPU.Build.0 = Release|Any CPU
		{91CCE366-B593-4E5B-BD93-59E97E7959CA}.Release|x64.ActiveCfg = Release|Any CPU
		{91CCE366-B593-4E5B-BD93-59E97E7959CA}.Release|x64.Build.0 = Release|Any CPU
		{91CCE366-B593-4E5B-BD93-59E97E7959CA}.Release|x86.ActiveCfg = Release|Any CPU
		{91CCE366-B593-4E5B-BD93-59E97E7959CA}.Release|x86.Build.0 = Release|Any CPU
		{B452B799-A540-4226-AE31-E44AA401DB8D}.Debug|Any CPU.ActiveCfg = Debug|Any CPU
		{B452B799-A540-4226-AE31-E44AA401DB8D}.Debug|Any CPU.Build.0 = Debug|Any CPU
		{B452B799-A540-4226-AE31-E44AA401DB8D}.Debug|x64.ActiveCfg = Debug|Any CPU
		{B452B799-A540-4226-AE31-E44AA401DB8D}.Debug|x64.Build.0 = Debug|Any CPU
		{B452B799-A540-4226-AE31-E44AA401DB8D}.Debug|x86.ActiveCfg = Debug|Any CPU
		{B452B799-A540-4226-AE31-E44AA401DB8D}.Debug|x86.Build.0 = Debug|Any CPU
		{B452B799-A540-4226-AE31-E44AA401DB8D}.Release|Any CPU.ActiveCfg = Release|Any CPU
		{B452B799-A540-4226-AE31-E44AA401DB8D}.Release|Any CPU.Build.0 = Release|Any CPU
		{B452B799-A540-4226-AE31-E44AA401DB8D}.Release|x64.ActiveCfg = Release|Any CPU
		{B452B799-A540-4226-AE31-E44AA401DB8D}.Release|x64.Build.0 = Release|Any CPU
		{B452B799-A540-4226-AE31-E44AA401DB8D}.Release|x86.ActiveCfg = Release|Any CPU
		{B452B799-A540-4226-AE31-E44AA401DB8D}.Release|x86.Build.0 = Release|Any CPU
		{100BF534-0EBF-4738-A939-3CF8D4B5A308}.Debug|Any CPU.ActiveCfg = Debug|Any CPU
		{100BF534-0EBF-4738-A939-3CF8D4B5A308}.Debug|Any CPU.Build.0 = Debug|Any CPU
		{100BF534-0EBF-4738-A939-3CF8D4B5A308}.Debug|x64.ActiveCfg = Debug|Any CPU
		{100BF534-0EBF-4738-A939-3CF8D4B5A308}.Debug|x64.Build.0 = Debug|Any CPU
		{100BF534-0EBF-4738-A939-3CF8D4B5A308}.Debug|x86.ActiveCfg = Debug|Any CPU
		{100BF534-0EBF-4738-A939-3CF8D4B5A308}.Debug|x86.Build.0 = Debug|Any CPU
		{100BF534-0EBF-4738-A939-3CF8D4B5A308}.Release|Any CPU.ActiveCfg = Release|Any CPU
		{100BF534-0EBF-4738-A939-3CF8D4B5A308}.Release|Any CPU.Build.0 = Release|Any CPU
		{100BF534-0EBF-4738-A939-3CF8D4B5A308}.Release|x64.ActiveCfg = Release|Any CPU
		{100BF534-0EBF-4738-A939-3CF8D4B5A308}.Release|x64.Build.0 = Release|Any CPU
		{100BF534-0EBF-4738-A939-3CF8D4B5A308}.Release|x86.ActiveCfg = Release|Any CPU
		{100BF534-0EBF-4738-A939-3CF8D4B5A308}.Release|x86.Build.0 = Release|Any CPU
		{49971481-CAB8-46B5-9D75-17C9B2A8ADDA}.Debug|Any CPU.ActiveCfg = Debug|Any CPU
		{49971481-CAB8-46B5-9D75-17C9B2A8ADDA}.Debug|Any CPU.Build.0 = Debug|Any CPU
		{49971481-CAB8-46B5-9D75-17C9B2A8ADDA}.Debug|x64.ActiveCfg = Debug|Any CPU
		{49971481-CAB8-46B5-9D75-17C9B2A8ADDA}.Debug|x64.Build.0 = Debug|Any CPU
		{49971481-CAB8-46B5-9D75-17C9B2A8ADDA}.Debug|x86.ActiveCfg = Debug|Any CPU
		{49971481-CAB8-46B5-9D75-17C9B2A8ADDA}.Debug|x86.Build.0 = Debug|Any CPU
		{49971481-CAB8-46B5-9D75-17C9B2A8ADDA}.Release|Any CPU.ActiveCfg = Release|Any CPU
		{49971481-CAB8-46B5-9D75-17C9B2A8ADDA}.Release|Any CPU.Build.0 = Release|Any CPU
		{49971481-CAB8-46B5-9D75-17C9B2A8ADDA}.Release|x64.ActiveCfg = Release|Any CPU
		{49971481-CAB8-46B5-9D75-17C9B2A8ADDA}.Release|x64.Build.0 = Release|Any CPU
		{49971481-CAB8-46B5-9D75-17C9B2A8ADDA}.Release|x86.ActiveCfg = Release|Any CPU
		{49971481-CAB8-46B5-9D75-17C9B2A8ADDA}.Release|x86.Build.0 = Release|Any CPU
		{D5A991D8-CB85-41C9-AF61-667A95A30CEF}.Debug|Any CPU.ActiveCfg = Debug|Any CPU
		{D5A991D8-CB85-41C9-AF61-667A95A30CEF}.Debug|Any CPU.Build.0 = Debug|Any CPU
		{D5A991D8-CB85-41C9-AF61-667A95A30CEF}.Debug|x64.ActiveCfg = Debug|Any CPU
		{D5A991D8-CB85-41C9-AF61-667A95A30CEF}.Debug|x64.Build.0 = Debug|Any CPU
		{D5A991D8-CB85-41C9-AF61-667A95A30CEF}.Debug|x86.ActiveCfg = Debug|Any CPU
		{D5A991D8-CB85-41C9-AF61-667A95A30CEF}.Debug|x86.Build.0 = Debug|Any CPU
		{D5A991D8-CB85-41C9-AF61-667A95A30CEF}.Release|Any CPU.ActiveCfg = Release|Any CPU
		{D5A991D8-CB85-41C9-AF61-667A95A30CEF}.Release|Any CPU.Build.0 = Release|Any CPU
		{D5A991D8-CB85-41C9-AF61-667A95A30CEF}.Release|x64.ActiveCfg = Release|Any CPU
		{D5A991D8-CB85-41C9-AF61-667A95A30CEF}.Release|x64.Build.0 = Release|Any CPU
		{D5A991D8-CB85-41C9-AF61-667A95A30CEF}.Release|x86.ActiveCfg = Release|Any CPU
		{D5A991D8-CB85-41C9-AF61-667A95A30CEF}.Release|x86.Build.0 = Release|Any CPU
		{B42BB4F6-48C4-44FC-932E-AD41F15D9EE1}.Debug|Any CPU.ActiveCfg = Debug|Any CPU
		{B42BB4F6-48C4-44FC-932E-AD41F15D9EE1}.Debug|Any CPU.Build.0 = Debug|Any CPU
		{B42BB4F6-48C4-44FC-932E-AD41F15D9EE1}.Debug|x64.ActiveCfg = Debug|Any CPU
		{B42BB4F6-48C4-44FC-932E-AD41F15D9EE1}.Debug|x64.Build.0 = Debug|Any CPU
		{B42BB4F6-48C4-44FC-932E-AD41F15D9EE1}.Debug|x86.ActiveCfg = Debug|Any CPU
		{B42BB4F6-48C4-44FC-932E-AD41F15D9EE1}.Debug|x86.Build.0 = Debug|Any CPU
		{B42BB4F6-48C4-44FC-932E-AD41F15D9EE1}.Release|Any CPU.ActiveCfg = Release|Any CPU
		{B42BB4F6-48C4-44FC-932E-AD41F15D9EE1}.Release|Any CPU.Build.0 = Release|Any CPU
		{B42BB4F6-48C4-44FC-932E-AD41F15D9EE1}.Release|x64.ActiveCfg = Release|Any CPU
		{B42BB4F6-48C4-44FC-932E-AD41F15D9EE1}.Release|x64.Build.0 = Release|Any CPU
		{B42BB4F6-48C4-44FC-932E-AD41F15D9EE1}.Release|x86.ActiveCfg = Release|Any CPU
		{B42BB4F6-48C4-44FC-932E-AD41F15D9EE1}.Release|x86.Build.0 = Release|Any CPU
		{0FE1F58F-0C8B-4D63-9CBC-D726E11C6795}.Debug|Any CPU.ActiveCfg = Debug|Any CPU
		{0FE1F58F-0C8B-4D63-9CBC-D726E11C6795}.Debug|Any CPU.Build.0 = Debug|Any CPU
		{0FE1F58F-0C8B-4D63-9CBC-D726E11C6795}.Debug|x64.ActiveCfg = Debug|Any CPU
		{0FE1F58F-0C8B-4D63-9CBC-D726E11C6795}.Debug|x64.Build.0 = Debug|Any CPU
		{0FE1F58F-0C8B-4D63-9CBC-D726E11C6795}.Debug|x86.ActiveCfg = Debug|Any CPU
		{0FE1F58F-0C8B-4D63-9CBC-D726E11C6795}.Debug|x86.Build.0 = Debug|Any CPU
		{0FE1F58F-0C8B-4D63-9CBC-D726E11C6795}.Release|Any CPU.ActiveCfg = Release|Any CPU
		{0FE1F58F-0C8B-4D63-9CBC-D726E11C6795}.Release|Any CPU.Build.0 = Release|Any CPU
		{0FE1F58F-0C8B-4D63-9CBC-D726E11C6795}.Release|x64.ActiveCfg = Release|Any CPU
		{0FE1F58F-0C8B-4D63-9CBC-D726E11C6795}.Release|x64.Build.0 = Release|Any CPU
		{0FE1F58F-0C8B-4D63-9CBC-D726E11C6795}.Release|x86.ActiveCfg = Release|Any CPU
		{0FE1F58F-0C8B-4D63-9CBC-D726E11C6795}.Release|x86.Build.0 = Release|Any CPU
	EndGlobalSection
	GlobalSection(SolutionProperties) = preSolution
		HideSolutionNode = FALSE
	EndGlobalSection
	GlobalSection(NestedProjects) = preSolution
		{40283C17-B854-4FD0-9F2E-BDDEEDD46588} = {E7BDDBC6-9FD1-D1D7-ACD8-2C4F8E3D2461}
		{16A9F238-80DE-4CDA-8762-CC04B864D9F3} = {5EBAD3BF-572B-E2B1-D3AE-7773076D517A}
		{91CCE366-B593-4E5B-BD93-59E97E7959CA} = {5EBAD3BF-572B-E2B1-D3AE-7773076D517A}
		{B452B799-A540-4226-AE31-E44AA401DB8D} = {5EBAD3BF-572B-E2B1-D3AE-7773076D517A}
		{100BF534-0EBF-4738-A939-3CF8D4B5A308} = {5EBAD3BF-572B-E2B1-D3AE-7773076D517A}
		{49971481-CAB8-46B5-9D75-17C9B2A8ADDA} = {CBEA8D62-3852-FA3C-D49A-A8497B11A9FF}
		{D5A991D8-CB85-41C9-AF61-667A95A30CEF} = {CBEA8D62-3852-FA3C-D49A-A8497B11A9FF}
		{B42BB4F6-48C4-44FC-932E-AD41F15D9EE1} = {CBEA8D62-3852-FA3C-D49A-A8497B11A9FF}
		{0FE1F58F-0C8B-4D63-9CBC-D726E11C6795} = {CBEA8D62-3852-FA3C-D49A-A8497B11A9FF}
	EndGlobalSection
EndGlobal
